
Microsoft Visual Studio Solution File, Format Version 12.00
# Visual Studio Version 16
VisualStudioVersion = 16.0.31004.235
MinimumVisualStudioVersion = 10.0.40219.1
Project("{C7167F0D-BC9F-4E6E-AFE1-012C56B48DB5}") = "FileOpenPickerWinUIPreview4 (Package)", "FileOpenPickerWinUIPreview4 (Package)\FileOpenPickerWinUIPreview4 (Package).wapproj", "{547CAA73-01CD-4608-98F1-A1FC9420A26E}"
EndProject
Project("{FAE04EC0-301F-11D3-BF4B-00C04F79EFBC}") = "FileOpenPickerWinUIPreview4", "FileOpenPickerWinUIPreview4\FileOpenPickerWinUIPreview4.csproj", "{1E9FD3BB-2A84-4CBD-8601-676D718E4F9E}"
EndProject
Global
	GlobalSection(SolutionConfigurationPlatforms) = preSolution
		Debug|arm64 = Debug|arm64
		Debug|x64 = Debug|x64
		Debug|x86 = Debug|x86
		Release|arm64 = Release|arm64
		Release|x64 = Release|x64
		Release|x86 = Release|x86
	EndGlobalSection
	GlobalSection(ProjectConfigurationPlatforms) = postSolution
		{547CAA73-01CD-4608-98F1-A1FC9420A26E}.Debug|arm64.ActiveCfg = Debug|arm64
		{547CAA73-01CD-4608-98F1-A1FC9420A26E}.Debug|arm64.Build.0 = Debug|arm64
		{547CAA73-01CD-4608-98F1-A1FC9420A26E}.Debug|arm64.Deploy.0 = Debug|arm64
		{547CAA73-01CD-4608-98F1-A1FC9420A26E}.Debug|x64.ActiveCfg = Debug|x64
		{547CAA73-01CD-4608-98F1-A1FC9420A26E}.Debug|x64.Build.0 = Debug|x64
		{547CAA73-01CD-4608-98F1-A1FC9420A26E}.Debug|x64.Deploy.0 = Debug|x64
		{547CAA73-01CD-4608-98F1-A1FC9420A26E}.Debug|x86.ActiveCfg = Debug|x86
		{547CAA73-01CD-4608-98F1-A1FC9420A26E}.Debug|x86.Build.0 = Debug|x86
		{547CAA73-01CD-4608-98F1-A1FC9420A26E}.Debug|x86.Deploy.0 = Debug|x86
		{547CAA73-01CD-4608-98F1-A1FC9420A26E}.Release|arm64.ActiveCfg = Release|arm64
		{547CAA73-01CD-4608-98F1-A1FC9420A26E}.Release|arm64.Build.0 = Release|arm64
		{547CAA73-01CD-4608-98F1-A1FC9420A26E}.Release|arm64.Deploy.0 = Release|arm64
		{547CAA73-01CD-4608-98F1-A1FC9420A26E}.Release|x64.ActiveCfg = Release|x64
		{547CAA73-01CD-4608-98F1-A1FC9420A26E}.Release|x64.Build.0 = Release|x64
		{547CAA73-01CD-4608-98F1-A1FC9420A26E}.Release|x64.Deploy.0 = Release|x64
		{547CAA73-01CD-4608-98F1-A1FC9420A26E}.Release|x86.ActiveCfg = Release|x86
		{547CAA73-01CD-4608-98F1-A1FC9420A26E}.Release|x86.Build.0 = Release|x86
		{547CAA73-01CD-4608-98F1-A1FC9420A26E}.Release|x86.Deploy.0 = Release|x86
		{1E9FD3BB-2A84-4CBD-8601-676D718E4F9E}.Debug|arm64.ActiveCfg = Debug|arm64
		{1E9FD3BB-2A84-4CBD-8601-676D718E4F9E}.Debug|arm64.Build.0 = Debug|arm64
		{1E9FD3BB-2A84-4CBD-8601-676D718E4F9E}.Debug|x64.ActiveCfg = Debug|x64
		{1E9FD3BB-2A84-4CBD-8601-676D718E4F9E}.Debug|x64.Build.0 = Debug|x64
		{1E9FD3BB-2A84-4CBD-8601-676D718E4F9E}.Debug|x86.ActiveCfg = Debug|x86
		{1E9FD3BB-2A84-4CBD-8601-676D718E4F9E}.Debug|x86.Build.0 = Debug|x86
		{1E9FD3BB-2A84-4CBD-8601-676D718E4F9E}.Release|arm64.ActiveCfg = Release|arm64
		{1E9FD3BB-2A84-4CBD-8601-676D718E4F9E}.Release|arm64.Build.0 = Release|arm64
		{1E9FD3BB-2A84-4CBD-8601-676D718E4F9E}.Release|x64.ActiveCfg = Release|x64
		{1E9FD3BB-2A84-4CBD-8601-676D718E4F9E}.Release|x64.Build.0 = Release|x64
		{1E9FD3BB-2A84-4CBD-8601-676D718E4F9E}.Release|x86.ActiveCfg = Release|x86
		{1E9FD3BB-2A84-4CBD-8601-676D718E4F9E}.Release|x86.Build.0 = Release|x86
	EndGlobalSection
	GlobalSection(SolutionProperties) = preSolution
		HideSolutionNode = FALSE
	EndGlobalSection
	GlobalSection(ExtensibilityGlobals) = postSolution
		SolutionGuid = {49095F11-A89E-4147-85CE-9569317891A2}
	EndGlobalSection
EndGlobal
